<Solution>
  <Project Path="GoodHamburger.Api/GoodHamburger.Api.csproj" />
  <Project Path="GoodHamburger.Application/GoodHamburger.Application.csproj" />
  <Project Path="GoodHamburger.Application.Tests/GoodHamburger.Application.Tests.csproj" />
  <Project Path="GoodHamburger.Domain/GoodHamburger.Domain.csproj" />
  <Project Path="GoodHamburger.Domain.Tests/GoodHamburger.Domain.Tests.csproj" />
  <Project Path="GoodHamburger.Infra/GoodHamburger.Infra.csproj" />
  <Project Path="GoodHamburger.View/GoodHamburger.View.csproj" />
</Solution>
